{
  "name": "get_new_posts",
  "version": "1.0.0",
  "lockfileVersion": 1,
  "requires": true,
  "dependencies": {
    "async-limiter": {
      "version": "1.0.0",
      "resolved": "https://registry.npmjs.org/async-limiter/-/async-limiter-1.0.0.tgz",
      "integrity": "sha512-jp/uFnooOiO+L211eZOoSyzpOITMXx1rBITauYykG3BRYPu8h0UcxsPNB04RR5vo4Tyz3+ay17tR6JVf9qzYWg=="
    },
    "base-x": {
      "version": "3.0.4",
      "resolved": "https://registry.npmjs.org/base-x/-/base-x-3.0.4.tgz",
      "integrity": "sha512-UYOadoSIkEI/VrRGSG6qp93rp2WdokiAiNYDfGW5qURAY8GiAQkvMbwNNSDYiVJopqv4gCna7xqf4rrNGp+5AA==",
      "requires": {
        "safe-buffer": "5.1.1"
      }
    },
    "base64-js": {
      "version": "1.2.3",
      "resolved": "https://registry.npmjs.org/base64-js/-/base64-js-1.2.3.tgz",
      "integrity": "sha512-MsAhsUW1GxCdgYSO6tAfZrNapmUKk7mWx/k5mFY/A1gBtkaCaNapTg+FExCw1r9yeaZhqx/xPg43xgTFH6KL5w=="
    },
    "bigi": {
      "version": "1.4.2",
      "resolved": "https://registry.npmjs.org/bigi/-/bigi-1.4.2.tgz",
      "integrity": "sha1-nGZalfiLiwj8Bc/XMfVhhZ1yWCU="
    },
    "bluebird": {
      "version": "3.5.1",
      "resolved": "https://registry.npmjs.org/bluebird/-/bluebird-3.5.1.tgz",
      "integrity": "sha512-MKiLiV+I1AA596t9w1sQJ8jkiSr5+ZKi0WKrYGUn6d1Fx+Ij4tIj+m2WMQSGczs5jZVxV339chE8iwk6F64wjA=="
    },
    "browserify-aes": {
      "version": "1.1.1",
      "resolved": "https://registry.npmjs.org/browserify-aes/-/browserify-aes-1.1.1.tgz",
      "integrity": "sha512-UGnTYAnB2a3YuYKIRy1/4FB2HdM866E0qC46JXvVTYKlBlZlnvfpSfY6OKfXZAkv70eJ2a1SqzpAo5CRhZGDFg==",
      "requires": {
        "buffer-xor": "1.0.3",
        "cipher-base": "1.0.4",
        "create-hash": "1.1.3",
        "evp_bytestokey": "1.0.3",
        "inherits": "2.0.3",
        "safe-buffer": "5.1.1"
      }
    },
    "bs58": {
      "version": "4.0.1",
      "resolved": "https://registry.npmjs.org/bs58/-/bs58-4.0.1.tgz",
      "integrity": "sha1-vhYedsNU9veIrkBx9j806MTwpCo=",
      "requires": {
        "base-x": "3.0.4"
      }
    },
    "buffer": {
      "version": "5.1.0",
      "resolved": "https://registry.npmjs.org/buffer/-/buffer-5.1.0.tgz",
      "integrity": "sha512-YkIRgwsZwJWTnyQrsBTWefizHh+8GYj3kbL1BTiAQ/9pwpino0G7B2gp5tx/FUBqUlvtxV85KNR3mwfAtv15Yw==",
      "requires": {
        "base64-js": "1.2.3",
        "ieee754": "1.1.8"
      }
    },
    "buffer-xor": {
      "version": "1.0.3",
      "resolved": "https://registry.npmjs.org/buffer-xor/-/buffer-xor-1.0.3.tgz",
      "integrity": "sha1-JuYe0UIvtw3ULm42cp7VHYVf6Nk="
    },
    "bytebuffer": {
      "version": "5.0.1",
      "resolved": "https://registry.npmjs.org/bytebuffer/-/bytebuffer-5.0.1.tgz",
      "integrity": "sha1-WC7qSxqHO20CCkjVjfhfC7ps/d0=",
      "requires": {
        "long": "3.2.0"
      }
    },
    "cipher-base": {
      "version": "1.0.4",
      "resolved": "https://registry.npmjs.org/cipher-base/-/cipher-base-1.0.4.tgz",
      "integrity": "sha512-Kkht5ye6ZGmwv40uUDZztayT2ThLQGfnj/T71N/XzeZeo3nf8foyW7zGTsPYkEya3m5f3cAypH+qe7YOrM1U2Q==",
      "requires": {
        "inherits": "2.0.3",
        "safe-buffer": "5.1.1"
      }
    },
    "create-hash": {
      "version": "1.1.3",
      "resolved": "https://registry.npmjs.org/create-hash/-/create-hash-1.1.3.tgz",
      "integrity": "sha1-YGBCrIuSYnUPSDyt2rD1gZFy2P0=",
      "requires": {
        "cipher-base": "1.0.4",
        "inherits": "2.0.3",
        "ripemd160": "2.0.1",
        "sha.js": "2.4.10"
      }
    },
    "create-hmac": {
      "version": "1.1.6",
      "resolved": "https://registry.npmjs.org/create-hmac/-/create-hmac-1.1.6.tgz",
      "integrity": "sha1-rLniIaThe9sHbpBlfEK5PjcmzwY=",
      "requires": {
        "cipher-base": "1.0.4",
        "create-hash": "1.1.3",
        "inherits": "2.0.3",
        "ripemd160": "2.0.1",
        "safe-buffer": "5.1.1",
        "sha.js": "2.4.10"
      }
    },
    "cross-env": {
      "version": "5.1.4",
      "resolved": "https://registry.npmjs.org/cross-env/-/cross-env-5.1.4.tgz",
      "integrity": "sha512-Mx8mw6JWhfpYoEk7PGvHxJMLQwQHORAs8+2bX+C1lGQ4h3GkDb1zbzC2Nw85YH9ZQMlO0BHZxMacgrfPmMFxbg==",
      "requires": {
        "cross-spawn": "5.1.0",
        "is-windows": "1.0.2"
      }
    },
    "cross-fetch": {
      "version": "1.1.1",
      "resolved": "https://registry.npmjs.org/cross-fetch/-/cross-fetch-1.1.1.tgz",
      "integrity": "sha512-+VJE04+UfxxmBfcnmAu/lKor53RUCx/1ilOti4p+JgrnLQ4AZZIRoe2OEd76VaHyWQmQxqKnV+TaqjHC4r0HWw==",
      "requires": {
        "node-fetch": "1.7.3",
        "whatwg-fetch": "2.0.3"
      }
    },
    "cross-spawn": {
      "version": "5.1.0",
      "resolved": "https://registry.npmjs.org/cross-spawn/-/cross-spawn-5.1.0.tgz",
      "integrity": "sha1-6L0O/uWPz/b4+UUQoKVUu/ojVEk=",
      "requires": {
        "lru-cache": "4.1.2",
        "shebang-command": "1.2.0",
        "which": "1.3.0"
      }
    },
    "debug": {
      "version": "2.6.9",
      "resolved": "https://registry.npmjs.org/debug/-/debug-2.6.9.tgz",
      "integrity": "sha512-bC7ElrdJaJnPbAP+1EotYvqZsb3ecl5wi6Bfi6BJTUcNowp6cvspg0jXznRTKDjm/E7AdgFBVeAPVMNcKGsHMA==",
      "requires": {
        "ms": "2.0.0"
      }
    },
    "detect-node": {
      "version": "2.0.3",
      "resolved": "https://registry.npmjs.org/detect-node/-/detect-node-2.0.3.tgz",
      "integrity": "sha1-ogM8CcyOFY03dI+951B4Mr1s4Sc="
    },
    "ecurve": {
      "version": "1.0.6",
      "resolved": "https://registry.npmjs.org/ecurve/-/ecurve-1.0.6.tgz",
      "integrity": "sha512-/BzEjNfiSuB7jIWKcS/z8FK9jNjmEWvUV2YZ4RLSmcDtP7Lq0m6FvDuSnJpBlDpGRpfRQeTLGLBI8H+kEv0r+w==",
      "requires": {
        "bigi": "1.4.2",
        "safe-buffer": "5.1.1"
      }
    },
    "encoding": {
      "version": "0.1.12",
      "resolved": "https://registry.npmjs.org/encoding/-/encoding-0.1.12.tgz",
      "integrity": "sha1-U4tm8+5izRq1HsMjgp0flIDHS+s=",
      "requires": {
        "iconv-lite": "0.4.19"
      }
    },
    "evp_bytestokey": {
      "version": "1.0.3",
      "resolved": "https://registry.npmjs.org/evp_bytestokey/-/evp_bytestokey-1.0.3.tgz",
      "integrity": "sha512-/f2Go4TognH/KvCISP7OUsHn85hT9nUkxxA9BEWxFn+Oj9o8ZNLm/40hdlgSLyuOimsrTKLUMEorQexp/aPQeA==",
      "requires": {
        "md5.js": "1.3.4",
        "safe-buffer": "5.1.1"
      }
    },
    "hash-base": {
      "version": "2.0.2",
      "resolved": "https://registry.npmjs.org/hash-base/-/hash-base-2.0.2.tgz",
      "integrity": "sha1-ZuodhW206KVHDK32/OI65SRO8uE=",
      "requires": {
        "inherits": "2.0.3"
      }
    },
    "iconv-lite": {
      "version": "0.4.19",
      "resolved": "https://registry.npmjs.org/iconv-lite/-/iconv-lite-0.4.19.tgz",
      "integrity": "sha512-oTZqweIP51xaGPI4uPa56/Pri/480R+mo7SeU+YETByQNhDG55ycFyNLIgta9vXhILrxXDmF7ZGhqZIcuN0gJQ=="
    },
    "ieee754": {
      "version": "1.1.8",
      "resolved": "https://registry.npmjs.org/ieee754/-/ieee754-1.1.8.tgz",
      "integrity": "sha1-vjPUCsEO8ZJnAfbwii2G+/0a0+Q="
    },
    "inherits": {
      "version": "2.0.3",
      "resolved": "https://registry.npmjs.org/inherits/-/inherits-2.0.3.tgz",
      "integrity": "sha1-Yzwsg+PaQqUC9SRmAiSA9CCCYd4="
    },
    "is-stream": {
      "version": "1.1.0",
      "resolved": "https://registry.npmjs.org/is-stream/-/is-stream-1.1.0.tgz",
      "integrity": "sha1-EtSj3U5o4Lec6428hBc66A2RykQ="
    },
    "is-windows": {
      "version": "1.0.2",
      "resolved": "https://registry.npmjs.org/is-windows/-/is-windows-1.0.2.tgz",
      "integrity": "sha512-eXK1UInq2bPmjyX6e3VHIzMLobc4J94i4AWn+Hpq3OU5KkrRC96OAcR3PRJ/pGu6m8TRnBHP9dkXQVsT/COVIA=="
    },
    "isexe": {
      "version": "2.0.0",
      "resolved": "https://registry.npmjs.org/isexe/-/isexe-2.0.0.tgz",
      "integrity": "sha1-6PvzdNxVb/iUehDcsFctYz8s+hA="
    },
    "lodash": {
      "version": "4.17.5",
      "resolved": "https://registry.npmjs.org/lodash/-/lodash-4.17.5.tgz",
      "integrity": "sha512-svL3uiZf1RwhH+cWrfZn3A4+U58wbP0tGVTLQPbjplZxZ8ROD9VLuNgsRniTlLe7OlSqR79RUehXgpBW/s0IQw=="
    },
    "long": {
      "version": "3.2.0",
      "resolved": "https://registry.npmjs.org/long/-/long-3.2.0.tgz",
      "integrity": "sha1-2CG3E4yhy1gcFymQ7xTbIAtcR0s="
    },
    "lru-cache": {
      "version": "4.1.2",
      "resolved": "https://registry.npmjs.org/lru-cache/-/lru-cache-4.1.2.tgz",
      "integrity": "sha512-wgeVXhrDwAWnIF/yZARsFnMBtdFXOg1b8RIrhilp+0iDYN4mdQcNZElDZ0e4B64BhaxeQ5zN7PMyvu7we1kPeQ==",
      "requires": {
        "pseudomap": "1.0.2",
        "yallist": "2.1.2"
      }
    },
    "md5.js": {
      "version": "1.3.4",
      "resolved": "https://registry.npmjs.org/md5.js/-/md5.js-1.3.4.tgz",
      "integrity": "sha1-6b296UogpawYsENA/Fdk1bCdkB0=",
      "requires": {
        "hash-base": "3.0.4",
        "inherits": "2.0.3"
      },
      "dependencies": {
        "hash-base": {
          "version": "3.0.4",
          "resolved": "https://registry.npmjs.org/hash-base/-/hash-base-3.0.4.tgz",
          "integrity": "sha1-X8hoaEfs1zSZQDMZprCj8/auSRg=",
          "requires": {
            "inherits": "2.0.3",
            "safe-buffer": "5.1.1"
          }
        }
      }
    },
    "ms": {
      "version": "2.0.0",
      "resolved": "https://registry.npmjs.org/ms/-/ms-2.0.0.tgz",
      "integrity": "sha1-VgiurfwAvmwpAd9fmGF4jeDVl8g="
    },
    "node-fetch": {
      "version": "1.7.3",
      "resolved": "https://registry.npmjs.org/node-fetch/-/node-fetch-1.7.3.tgz",
      "integrity": "sha512-NhZ4CsKx7cYm2vSrBAr2PvFOe6sWDf0UYLRqA6svUYg7+/TSfVAu49jYC4BvQ4Sms9SZgdqGBgroqfDhJdTyKQ==",
      "requires": {
        "encoding": "0.1.12",
        "is-stream": "1.1.0"
      }
    },
    "postinstall-build": {
      "version": "5.0.1",
      "resolved": "https://registry.npmjs.org/postinstall-build/-/postinstall-build-5.0.1.tgz",
      "integrity": "sha1-uRepB5smF42aJK9aXNjLSpkdEbk="
    },
    "pseudomap": {
      "version": "1.0.2",
      "resolved": "https://registry.npmjs.org/pseudomap/-/pseudomap-1.0.2.tgz",
      "integrity": "sha1-8FKijacOYYkX7wqKw0wa5aaChrM="
    },
    "ripemd160": {
      "version": "2.0.1",
      "resolved": "https://registry.npmjs.org/ripemd160/-/ripemd160-2.0.1.tgz",
      "integrity": "sha1-D0WEKVxTo2KK9+bXmsohzlfRxuc=",
      "requires": {
        "hash-base": "2.0.2",
        "inherits": "2.0.3"
      }
    },
    "safe-buffer": {
      "version": "5.1.1",
      "resolved": "https://registry.npmjs.org/safe-buffer/-/safe-buffer-5.1.1.tgz",
      "integrity": "sha512-kKvNJn6Mm93gAczWVJg7wH+wGYWNrDHdWvpUmHyEsgCtIwwo3bqPtV4tR5tuPaUhTOo/kvhVwd8XwwOllGYkbg=="
    },
    "secure-random": {
      "version": "1.1.1",
      "resolved": "https://registry.npmjs.org/secure-random/-/secure-random-1.1.1.tgz",
      "integrity": "sha1-CIDy2MUYX0vLRoQFjINrTdsHFFo="
    },
    "sha.js": {
      "version": "2.4.10",
      "resolved": "https://registry.npmjs.org/sha.js/-/sha.js-2.4.10.tgz",
      "integrity": "sha512-vnwmrFDlOExK4Nm16J2KMWHLrp14lBrjxMxBJpu++EnsuBmpiYaM/MEs46Vxxm/4FvdP5yTwuCTO9it5FSjrqA==",
      "requires": {
        "inherits": "2.0.3",
        "safe-buffer": "5.1.1"
      }
    },
    "shebang-command": {
      "version": "1.2.0",
      "resolved": "https://registry.npmjs.org/shebang-command/-/shebang-command-1.2.0.tgz",
      "integrity": "sha1-RKrGW2lbAzmJaMOfNj/uXer98eo=",
      "requires": {
        "shebang-regex": "1.0.0"
      }
    },
    "shebang-regex": {
      "version": "1.0.0",
      "resolved": "https://registry.npmjs.org/shebang-regex/-/shebang-regex-1.0.0.tgz",
      "integrity": "sha1-2kL0l0DAtC2yypcoVxyxkMmO/qM="
    },
    "steem": {
      "version": "0.6.7",
      "resolved": "https://registry.npmjs.org/steem/-/steem-0.6.7.tgz",
      "integrity": "sha512-dUb7kLImSdgt7IEMMO2mUFZEoi3wvUtIIqpB0ayXHHBFZFgQVZhgXiRe77lbJnbpBrjBgern3u+8nt7scD1YHQ==",
      "requires": {
        "bigi": "1.4.2",
        "bluebird": "3.5.1",
        "browserify-aes": "1.1.1",
        "bs58": "4.0.1",
        "buffer": "5.1.0",
        "bytebuffer": "5.0.1",
        "create-hash": "1.1.3",
        "create-hmac": "1.1.6",
        "cross-env": "5.1.4",
        "cross-fetch": "1.1.1",
        "debug": "2.6.9",
        "detect-node": "2.0.3",
        "ecurve": "1.0.6",
        "lodash": "4.17.5",
        "postinstall-build": "5.0.1",
        "secure-random": "1.1.1",
        "ws": "3.3.3"
      }
    },
    "ultron": {
      "version": "1.1.1",
      "resolved": "https://registry.npmjs.org/ultron/-/ultron-1.1.1.tgz",
      "integrity": "sha512-UIEXBNeYmKptWH6z8ZnqTeS8fV74zG0/eRU9VGkpzz+LIJNs8W/zM/L+7ctCkRrgbNnnR0xxw4bKOr0cW0N0Og=="
    },
    "whatwg-fetch": {
      "version": "2.0.3",
      "resolved": "https://registry.npmjs.org/whatwg-fetch/-/whatwg-fetch-2.0.3.tgz",
      "integrity": "sha1-nITsLc9oGH/wC8ZOEnS0QhduHIQ="
    },
    "which": {
      "version": "1.3.0",
      "resolved": "https://registry.npmjs.org/which/-/which-1.3.0.tgz",
      "integrity": "sha512-xcJpopdamTuY5duC/KnTTNBraPK54YwpenP4lzxU8H91GudWpFv38u0CKjclE1Wi2EH2EDz5LRcHcKbCIzqGyg==",
      "requires": {
        "isexe": "2.0.0"
      }
    },
    "ws": {
      "version": "3.3.3",
      "resolved": "https://registry.npmjs.org/ws/-/ws-3.3.3.tgz",
      "integrity": "sha512-nnWLa/NwZSt4KQJu51MYlCcSQ5g7INpOrOMt4XV8j4dqTXdmlUmSHQ8/oLC069ckre0fRsgfvsKwbTdtKLCDkA==",
      "requires": {
        "async-limiter": "1.0.0",
        "safe-buffer": "5.1.1",
        "ultron": "1.1.1"
      }
    },
    "yallist": {
      "version": "2.1.2",
      "resolved": "https://registry.npmjs.org/yallist/-/yallist-2.1.2.tgz",
      "integrity": "sha1-HBH5IY8HYImkfdUS+TxmmaaoHVI="
    }
  }
}
